Microsoft Visual Studio Solution File, Format Version 12.00
# Visual Studio Version 17
VisualStudioVersion = 17.5.2.0
MinimumVisualStudioVersion = 10.0.40219.1
Project("{2150E333-8FDC-42A3-9474-1A3956D46DE8}") = "space-missions", "space-missions", "{8CA3634E-9BBC-02CB-E4A6-9587086BAFBF}"
EndProject
Project("{2150E333-8FDC-42A3-9474-1A3956D46DE8}") = "api", "api", "{A4F05A9C-6205-19B6-BCA2-8BFBB19B45C1}"
EndProject
Project("{FAE04EC0-301F-11D3-BF4B-00C04F79EFBC}") = "SpaceMissions.Api", "space-missions\api\SpaceMissions.Api.csproj", "{A3289359-A680-6A93-7B1E-FD30B1CA2FFE}"
EndProject
Global
	GlobalSection(SolutionConfigurationPlatforms) = preSolution
		Debug|Any CPU = Debug|Any CPU
		Release|Any CPU = Release|Any CPU
	EndGlobalSection
	GlobalSection(ProjectConfigurationPlatforms) = postSolution
		{A3289359-A680-6A93-7B1E-FD30B1CA2FFE}.Debug|Any CPU.ActiveCfg = Debug|Any CPU
		{A3289359-A680-6A93-7B1E-FD30B1CA2FFE}.Debug|Any CPU.Build.0 = Debug|Any CPU
		{A3289359-A680-6A93-7B1E-FD30B1CA2FFE}.Release|Any CPU.ActiveCfg = Release|Any CPU
		{A3289359-A680-6A93-7B1E-FD30B1CA2FFE}.Release|Any CPU.Build.0 = Release|Any CPU
	EndGlobalSection
	GlobalSection(SolutionProperties) = preSolution
		HideSolutionNode = FALSE
	EndGlobalSection
	GlobalSection(NestedProjects) = preSolution
		{A4F05A9C-6205-19B6-BCA2-8BFBB19B45C1} = {8CA3634E-9BBC-02CB-E4A6-9587086BAFBF}
		{A3289359-A680-6A93-7B1E-FD30B1CA2FFE} = {A4F05A9C-6205-19B6-BCA2-8BFBB19B45C1}
	EndGlobalSection
	GlobalSection(ExtensibilityGlobals) = postSolution
		SolutionGuid = {723E4E33-8ABB-4501-BE1C-E460DAFC3D38}
	EndGlobalSection
EndGlobal
